// !$*UTF8*$!
{
	archiveVersion = 1;
	classes = {
	};
	objectVersion = 50;
	objects = {

/* Begin PBXBuildFile section */
		79DA356D24012E4E00756B20 /* AppDelegate.swift in Sources */ = {isa = PBXBuildFile; fileRef = 79DA356C24012E4E00756B20 /* AppDelegate.swift */; };
		79DA356F24012E4E00756B20 /* SceneDelegate.swift in Sources */ = {isa = PBXBuildFile; fileRef = 79DA356E24012E4E00756B20 /* SceneDelegate.swift */; };
		79DA357124012E4E00756B20 /* ContentView.swift in Sources */ = {isa = PBXBuildFile; fileRef = 79DA357024012E4E00756B20 /* ContentView.swift */; };
		79DA357324012E5000756B20 /* Assets.xcassets in Resources */ = {isa = PBXBuildFile; fileRef = 79DA357224012E5000756B20 /* Assets.xcassets */; };
		79DA357624012E5000756B20 /* Preview Assets.xcassets in Resources */ = {isa = PBXBuildFile; fileRef = 79DA357524012E5000756B20 /* Preview Assets.xcassets */; };
		79DA357924012E5000756B20 /* LaunchScreen.storyboard in Resources */ = {isa = PBXBuildFile; fileRef = 79DA357724012E5000756B20 /* LaunchScreen.storyboard */; };
		79DA3582240158FE00756B20 /* NetworkManager.swift in Sources */ = {isa = PBXBuildFile; fileRef = 79DA3581240158FE00756B20 /* NetworkManager.swift */; };
		79DA358424015A3A00756B20 /* PostData.swift in Sources */ = {isa = PBXBuildFile; fileRef = 79DA358324015A3A00756B20 /* PostData.swift */; };
		79DA35872401602E00756B20 /* DetailView.swift in Sources */ = {isa = PBXBuildFile; fileRef = 79DA35862401602E00756B20 /* DetailView.swift */; };
		79DA35892401641600756B20 /* WebView.swift in Sources */ = {isa = PBXBuildFile; fileRef = 79DA35882401641600756B20 /* WebView.swift */; };
/* End PBXBuildFile section */

/* Begin PBXFileReference section */
		79DA356924012E4E00756B20 /* HackerNews.app */ = {isa = PBXFileReference; explicitFileType = wrapper.application; includeInIndex = 0; path = HackerNews.app; sourceTree = BUILT_PRODUCTS_DIR; };
		79DA356C24012E4E00756B20 /* AppDelegate.swift */ = {isa = PBXFileReference; lastKnownFileType = sourcecode.swift; path = AppDelegate.swift; sourceTree = "<group>"; };
		79DA356E24012E4E00756B20 /* SceneDelegate.swift */ = {isa = PBXFileReference; lastKnownFileType = sourcecode.swift; path = SceneDelegate.swift; sourceTree = "<group>"; };
		79DA357024012E4E00756B20 /* ContentView.swift */ = {isa = PBXFileReference; lastKnownFileType = sourcecode.swift; path = ContentView.swift; sourceTree = "<group>"; };
		79DA357224012E5000756B20 /* Assets.xcassets */ = {isa = PBXFileReference; lastKnownFileType = folder.assetcatalog; path = Assets.xcassets; sourceTree = "<group>"; };
		79DA357524012E5000756B20 /* Preview Assets.xcassets */ = {isa = PBXFileReference; lastKnownFileType = folder.assetcatalog; path = "Preview Assets.xcassets"; sourceTree = "<group>"; };
		79DA357824012E5000756B20 /* Base */ = {isa = PBXFileReference; lastKnownFileType = file.storyboard; name = Base; path = Base.lproj/LaunchScreen.storyboard; sourceTree = "<group>"; };
		79DA357A24012E5000756B20 /* Info.plist */ = {isa = PBXFileReference; lastKnownFileType = text.plist.xml; path = Info.plist; sourceTree = "<group>"; };
		79DA3581240158FE00756B20 /* NetworkManager.swift */ = {isa = PBXFileReference; lastKnownFileType = sourcecode.swift; path = NetworkManager.swift; sourceTree = "<group>"; };
		79DA358324015A3A00756B20 /* PostData.swift */ = {isa = PBXFileReference; lastKnownFileType = sourcecode.swift; path = PostData.swift; sourceTree = "<group>"; };
		79DA35862401602E00756B20 /* DetailView.swift */ = {isa = PBXFileReference; lastKnownFileType = sourcecode.swift; path = DetailView.swift; sourceTree = "<group>"; };
		79DA35882401641600756B20 /* WebView.swift */ = {isa = PBXFileReference; lastKnownFileType = sourcecode.swift; path = WebView.swift; sourceTree = "<group>"; };
		79DA358A24016CA400756B20 /* HackerNews.entitlements */ = {isa = PBXFileReference; lastKnownFileType = text.plist.entitlements; path = HackerNews.entitlements; sourceTree = "<group>"; };
/* End PBXFileReference section */

/* Begin PBXFrameworksBuildPhase section */
		79DA356624012E4E00756B20 /* Frameworks */ = {
			isa = PBXFrameworksBuildPhase;
			buildActionMask = 2147483647;
			files = (
			);
			runOnlyForDeploymentPostprocessing = 0;
		};
/* End PBXFrameworksBuildPhase section */

/* Begin PBXGroup section */
		79DA356024012E4D00756B20 = {
			isa = PBXGroup;
			children = (
				79DA356B24012E4E00756B20 /* HackerNews */,
				79DA356A24012E4E00756B20 /* Products */,
			);
			sourceTree = "<group>";
		};
		79DA356A24012E4E00756B20 /* Products */ = {
			isa = PBXGroup;
			children = (
				79DA356924012E4E00756B20 /* HackerNews.app */,
			);
			name = Products;
			sourceTree = "<group>";
		};
		79DA356B24012E4E00756B20 /* HackerNews */ = {
			isa = PBXGroup;
			children = (
				79DA358A24016CA400756B20 /* HackerNews.entitlements */,
				79DA3580240158C900756B20 /* Model */,
				79DA356C24012E4E00756B20 /* AppDelegate.swift */,
				79DA356E24012E4E00756B20 /* SceneDelegate.swift */,
				79DA35852401600A00756B20 /* Views */,
				79DA357224012E5000756B20 /* Assets.xcassets */,
				79DA357724012E5000756B20 /* LaunchScreen.storyboard */,
				79DA357A24012E5000756B20 /* Info.plist */,
				79DA357424012E5000756B20 /* Preview Content */,
			);
			path = HackerNews;
			sourceTree = "<group>";
		};
		79DA357424012E5000756B20 /* Preview Content */ = {
			isa = PBXGroup;
			children = (
				79DA357524012E5000756B20 /* Preview Assets.xcassets */,
			);
			path = "Preview Content";
			sourceTree = "<group>";
		};
		79DA3580240158C900756B20 /* Model */ = {
			isa = PBXGroup;
			children = (
				79DA3581240158FE00756B20 /* NetworkManager.swift */,
				79DA358324015A3A00756B20 /* PostData.swift */,
			);
			path = Model;
			sourceTree = "<group>";
		};
		79DA35852401600A00756B20 /* Views */ = {
			isa = PBXGroup;
			children = (
				79DA357024012E4E00756B20 /* ContentView.swift */,
				79DA35862401602E00756B20 /* DetailView.swift */,
				79DA35882401641600756B20 /* WebView.swift */,
			);
			path = Views;
			sourceTree = "<group>";
		};
/* End PBXGroup section */

/* Begin PBXNativeTarget section */
		79DA356824012E4E00756B20 /* HackerNews */ = {
			isa = PBXNativeTarget;
			buildConfigurationList = 79DA357D24012E5000756B20 /* Build configuration list for PBXNativeTarget "HackerNews" */;
			buildPhases = (
				79DA356524012E4E00756B20 /* Sources */,
				79DA356624012E4E00756B20 /* Frameworks */,
				79DA356724012E4E00756B20 /* Resources */,
			);
			buildRules = (
			);
			dependencies = (
			);
			name = HackerNews;
			productName = HackerNews;
			productReference = 79DA356924012E4E00756B20 /* HackerNews.app */;
			productType = "com.apple.product-type.application";
		};
/* End PBXNativeTarget section */

/* Begin PBXProject section */
		79DA356124012E4D00756B20 /* Project object */ = {
			isa = PBXProject;
			attributes = {
				LastSwiftUpdateCheck = 1130;
				LastUpgradeCheck = 1130;
				ORGANIZATIONNAME = "Temirlan Dzodziev";
				TargetAttributes = {
					79DA356824012E4E00756B20 = {
						CreatedOnToolsVersion = 11.3;
					};
				};
			};
			buildConfigurationList = 79DA356424012E4D00756B20 /* Build configuration list for PBXProject "HackerNews" */;
			compatibilityVersion = "Xcode 9.3";
			developmentRegion = en;
			hasScannedForEncodings = 0;
			knownRegions = (
				en,
				Base,
			);
			mainGroup = 79DA356024012E4D00756B20;
			productRefGroup = 79DA356A24012E4E00756B20 /* Products */;
			projectDirPath = "";
			projectRoot = "";
			targets = (
				79DA356824012E4E00756B20 /* HackerNews */,
			);
		};
/* End PBXProject section */

/* Begin PBXResourcesBuildPhase section */
		79DA356724012E4E00756B20 /* Resources */ = {
			isa = PBXResourcesBuildPhase;
			buildActionMask = 2147483647;
			files = (
				79DA357924012E5000756B20 /* LaunchScreen.storyboard in Resources */,
				79DA357624012E5000756B20 /* Preview Assets.xcassets in Resources */,
				79DA357324012E5000756B20 /* Assets.xcassets in Resources */,
			);
			runOnlyForDeploymentPostprocessing = 0;
		};
/* End PBXResourcesBuildPhase section */

/* Begin PBXSourcesBuildPhase section */
		79DA356524012E4E00756B20 /* Sources */ = {
			isa = PBXSourcesBuildPhase;
			buildActionMask = 2147483647;
			files = (
				79DA358424015A3A00756B20 /* PostData.swift in Sources */,
				79DA35872401602E00756B20 /* DetailView.swift in Sources */,
				79DA3582240158FE00756B20 /* NetworkManager.swift in Sources */,
				79DA356D24012E4E00756B20 /* AppDelegate.swift in Sources */,
				79DA356F24012E4E00756B20 /* SceneDelegate.swift in Sources */,
				79DA357124012E4E00756B20 /* ContentView.swift in Sources */,
				79DA35892401641600756B20 /* WebView.swift in Sources */,
			);
			runOnlyForDeploymentPostprocessing = 0;
		};
/* End PBXSourcesBuildPhase section */

/* Begin PBXVariantGroup section */
		79DA357724012E5000756B20 /* LaunchScreen.storyboard */ = {
			isa = PBXVariantGroup;
			children = (
				79DA357824012E5000756B20 /* Base */,
			);
			name = LaunchScreen.storyboard;
			sourceTree = "<group>";
		};
/* End PBXVariantGroup section */

/* Begin XCBuildConfiguration section */
		79DA357B24012E5000756B20 /* Debug */ = {
			isa = XCBuildConfiguration;
			buildSettings = {
				ALWAYS_SEARCH_USER_PATHS = NO;
				CLANG_ANALYZER_NONNULL = YES;
				CLANG_ANALYZER_NUMBER_OBJECT_CONVERSION = YES_AGGRESSIVE;
				CLANG_CXX_LANGUAGE_STANDARD = "gnu++14";
				CLANG_CXX_LIBRARY = "libc++";
				CLANG_ENABLE_MODULES = YES;
				CLANG_ENABLE_OBJC_ARC = YES;
				CLANG_ENABLE_OBJC_WEAK = YES;
				CLANG_WARN_BLOCK_CAPTURE_AUTORELEASING = YES;
				CLANG_WARN_BOOL_CONVERSION = YES;
				CLANG_WARN_COMMA = YES;
				CLANG_WARN_CONSTANT_CONVERSION = YES;
				CLANG_WARN_DEPRECATED_OBJC_IMPLEMENTATIONS = YES;
				CLANG_WARN_DIRECT_OBJC_ISA_USAGE = YES_ERROR;
				CLANG_WARN_DOCUMENTATION_COMMENTS = YES;
				CLANG_WARN_EMPTY_BODY = YES;
				CLANG_WARN_ENUM_CONVERSION = YES;
				CLANG_WARN_INFINITE_RECURSION = YES;
				CLANG_WARN_INT_CONVERSION = YES;
				CLANG_WARN_NON_LITERAL_NULL_CONVERSION = YES;
				CLANG_WARN_OBJC_IMPLICIT_RETAIN_SELF = YES;
				CLANG_WARN_OBJC_LITERAL_CONVERSION = YES;
				CLANG_WARN_OBJC_ROOT_CLASS = YES_ERROR;
				CLANG_WARN_RANGE_LOOP_ANALYSIS = YES;
				CLANG_WARN_STRICT_PROTOTYPES = YES;
				CLANG_WARN_SUSPICIOUS_MOVE = YES;
				CLANG_WARN_UNGUARDED_AVAILABILITY = YES_AGGRESSIVE;
				CLANG_WARN_UNREACHABLE_CODE = YES;
				CLANG_WARN__DUPLICATE_METHOD_MATCH = YES;
				COPY_PHASE_STRIP = NO;
				DEBUG_INFORMATION_FORMAT = dwarf;
				ENABLE_STRICT_OBJC_MSGSEND = YES;
				ENABLE_TESTABILITY = YES;
				GCC_C_LANGUAGE_STANDARD = gnu11;
				GCC_DYNAMIC_NO_PIC = NO;
				GCC_NO_COMMON_BLOCKS = YES;
				GCC_OPTIMIZATION_LEVEL = 0;
				GCC_PREPROCESSOR_DEFINITIONS = (
					"DEBUG=1",
					"$(inherited)",
				);
				GCC_WARN_64_TO_32_BIT_CONVERSION = YES;
				GCC_WARN_ABOUT_RETURN_TYPE = YES_ERROR;
				GCC_WARN_UNDECLARED_SELECTOR = YES;
				GCC_WARN_UNINITIALIZED_AUTOS = YES_AGGRESSIVE;
				GCC_WARN_UNUSED_FUNCTION = YES;
				GCC_WARN_UNUSED_VARIABLE = YES;
				IPHONEOS_DEPLOYMENT_TARGET = 13.2;
				MTL_ENABLE_DEBUG_INFO = INCLUDE_SOURCE;
				MTL_FAST_MATH = YES;
				ONLY_ACTIVE_ARCH = YES;
				SDKROOT = iphoneos;
				SWIFT_ACTIVE_COMPILATION_CONDITIONS = DEBUG;
				SWIFT_OPTIMIZATION_LEVEL = "-Onone";
			};
			name = Debug;
		};
		79DA357C24012E5000756B20 /* Release */ = {
			isa = XCBuildConfiguration;
			buildSettings = {
				ALWAYS_SEARCH_USER_PATHS = NO;
				CLANG_ANALYZER_NONNULL = YES;
				CLANG_ANALYZER_NUMBER_OBJECT_CONVERSION = YES_AGGRESSIVE;
				CLANG_CXX_LANGUAGE_STANDARD = "gnu++14";
				CLANG_CXX_LIBRARY = "libc++";
				CLANG_ENABLE_MODULES = YES;
				CLANG_ENABLE_OBJC_ARC = YES;
				CLANG_ENABLE_OBJC_WEAK = YES;
				CLANG_WARN_BLOCK_CAPTURE_AUTORELEASING = YES;
				CLANG_WARN_BOOL_CONVERSION = YES;
				CLANG_WARN_COMMA = YES;
				CLANG_WARN_CONSTANT_CONVERSION = YES;
				CLANG_WARN_DEPRECATED_OBJC_IMPLEMENTATIONS = YES;
				CLANG_WARN_DIRECT_OBJC_ISA_USAGE = YES_ERROR;
				CLANG_WARN_DOCUMENTATION_COMMENTS = YES;
				CLANG_WARN_EMPTY_BODY = YES;
				CLANG_WARN_ENUM_CONVERSION = YES;
				CLANG_WARN_INFINITE_RECURSION = YES;
				CLANG_WARN_INT_CONVERSION = YES;
				CLANG_WARN_NON_LITERAL_NULL_CONVERSION = YES;
				CLANG_WARN_OBJC_IMPLICIT_RETAIN_SELF = YES;
				CLANG_WARN_OBJC_LITERAL_CONVERSION = YES;
				CLANG_WARN_OBJC_ROOT_CLASS = YES_ERROR;
				CLANG_WARN_RANGE_LOOP_ANALYSIS = YES;
				CLANG_WARN_STRICT_PROTOTYPES = YES;
				CLANG_WARN_SUSPICIOUS_MOVE = YES;
				CLANG_WARN_UNGUARDED_AVAILABILITY = YES_AGGRESSIVE;
				CLANG_WARN_UNREACHABLE_CODE = YES;
				CLANG_WARN__DUPLICATE_METHOD_MATCH = YES;
				COPY_PHASE_STRIP = NO;
				DEBUG_INFORMATION_FORMAT = "dwarf-with-dsym";
				ENABLE_NS_ASSERTIONS = NO;
				ENABLE_STRICT_OBJC_MSGSEND = YES;
				GCC_C_LANGUAGE_STANDARD = gnu11;
				GCC_NO_COMMON_BLOCKS = YES;
				GCC_WARN_64_TO_32_BIT_CONVERSION = YES;
				GCC_WARN_ABOUT_RETURN_TYPE = YES_ERROR;
				GCC_WARN_UNDECLARED_SELECTOR = YES;
				GCC_WARN_UNINITIALIZED_AUTOS = YES_AGGRESSIVE;
				GCC_WARN_UNUSED_FUNCTION = YES;
				GCC_WARN_UNUSED_VARIABLE = YES;
				IPHONEOS_DEPLOYMENT_TARGET = 13.2;
				MTL_ENABLE_DEBUG_INFO = NO;
				MTL_FAST_MATH = YES;
				SDKROOT = iphoneos;
				SWIFT_COMPILATION_MODE = wholemodule;
				SWIFT_OPTIMIZATION_LEVEL = "-O";
				VALIDATE_PRODUCT = YES;
			};
			name = Release;
		};
		79DA357E24012E5000756B20 /* Debug */ = {
			isa = XCBuildConfiguration;
			buildSettings = {
				ASSETCATALOG_COMPILER_APPICON_NAME = AppIcon;
				CODE_SIGN_ENTITLEMENTS = HackerNews/HackerNews.entitlements;
				CODE_SIGN_STYLE = Automatic;
				DERIVE_MACCATALYST_PRODUCT_BUNDLE_IDENTIFIER = YES;
				DEVELOPMENT_ASSET_PATHS = "\"HackerNews/Preview Content\"";
				DEVELOPMENT_TEAM = T5TD98UB89;
				ENABLE_PREVIEWS = YES;
				INFOPLIST_FILE = HackerNews/Info.plist;
				LD_RUNPATH_SEARCH_PATHS = (
					"$(inherited)",
					"@executable_path/Frameworks",
				);
				PRODUCT_BUNDLE_IDENTIFIER = com.dztemirlan.HackerNews;
				PRODUCT_NAME = "$(TARGET_NAME)";
				SUPPORTS_MACCATALYST = YES;
				SWIFT_VERSION = 5.0;
				TARGETED_DEVICE_FAMILY = "1,2";
			};
			name = Debug;
		};
		79DA357F24012E5000756B20 /* Release */ = {
			isa = XCBuildConfiguration;
			buildSettings = {
				ASSETCATALOG_COMPILER_APPICON_NAME = AppIcon;
				CODE_SIGN_ENTITLEMENTS = HackerNews/HackerNews.entitlements;
				CODE_SIGN_STYLE = Automatic;
				DERIVE_MACCATALYST_PRODUCT_BUNDLE_IDENTIFIER = YES;
				DEVELOPMENT_ASSET_PATHS = "\"HackerNews/Preview Content\"";
				DEVELOPMENT_TEAM = T5TD98UB89;
				ENABLE_PREVIEWS = YES;
				INFOPLIST_FILE = HackerNews/Info.plist;
				LD_RUNPATH_SEARCH_PATHS = (
					"$(inherited)",
					"@executable_path/Frameworks",
				);
				PRODUCT_BUNDLE_IDENTIFIER = com.dztemirlan.HackerNews;
				PRODUCT_NAME = "$(TARGET_NAME)";
				SUPPORTS_MACCATALYST = YES;
				SWIFT_VERSION = 5.0;
				TARGETED_DEVICE_FAMILY = "1,2";
			};
			name = Release;
		};
/* End XCBuildConfiguration section */

/* Begin XCConfigurationList section */
		79DA356424012E4D00756B20 /* Build configuration list for PBXProject "HackerNews" */ = {
			isa = XCConfigurationList;
			buildConfigurations = (
				79DA357B24012E5000756B20 /* Debug */,
				79DA357C24012E5000756B20 /* Release */,
			);
			defaultConfigurationIsVisible = 0;
			defaultConfigurationName = Release;
		};
		79DA357D24012E5000756B20 /* Build configuration list for PBXNativeTarget "HackerNews" */ = {
			isa = XCConfigurationList;
			buildConfigurations = (
				79DA357E24012E5000756B20 /* Debug */,
				79DA357F24012E5000756B20 /* Release */,
			);
			defaultConfigurationIsVisible = 0;
			defaultConfigurationName = Release;
		};
/* End XCConfigurationList section */
	};
	rootObject = 79DA356124012E4D00756B20 /* Project object */;
}
